// !$*UTF8*$!
{
	archiveVersion = 1;
	classes = {
	};
	objectVersion = 46;
	objects = {

/* Begin PBXBuildFile section */
		DCE0110C19AE291B00684F2B /* main.m in Sources */ = {isa = PBXBuildFile; fileRef = DCE0110B19AE291B00684F2B /* main.m */; };
		DCE0110F19AE291B00684F2B /* AppDelegate.m in Sources */ = {isa = PBXBuildFile; fileRef = DCE0110E19AE291B00684F2B /* AppDelegate.m */; };
		DCE0111219AE291B00684F2B /* GameScene.m in Sources */ = {isa = PBXBuildFile; fileRef = DCE0111119AE291B00684F2B /* GameScene.m */; };
		DCE0111419AE291B00684F2B /* GameScene.sks in Resources */ = {isa = PBXBuildFile; fileRef = DCE0111319AE291B00684F2B /* GameScene.sks */; };
		DCE0111719AE291B00684F2B /* GameViewController.m in Sources */ = {isa = PBXBuildFile; fileRef = DCE0111619AE291B00684F2B /* GameViewController.m */; };
		DCE0111A19AE291B00684F2B /* Main.storyboard in Resources */ = {isa = PBXBuildFile; fileRef = DCE0111819AE291B00684F2B /* Main.storyboard */; };
		DCE0111C19AE291B00684F2B /* Images.xcassets in Resources */ = {isa = PBXBuildFile; fileRef = DCE0111B19AE291B00684F2B /* Images.xcassets */; };
		DCE0112819AE291B00684F2B /* Tap_RunTests.m in Sources */ = {isa = PBXBuildFile; fileRef = DCE0112719AE291B00684F2B /* Tap_RunTests.m */; };
		DCFCA76219BC70DF00368E41 /* MKBlock.m in Sources */ = {isa = PBXBuildFile; fileRef = DCFCA76119BC70DF00368E41 /* MKBlock.m */; };
		DCFCA76519BC766900368E41 /* MKPlatform.m in Sources */ = {isa = PBXBuildFile; fileRef = DCFCA76419BC766900368E41 /* MKPlatform.m */; };
		DCFCA76819BDDF4300368E41 /* MKPlayer.m in Sources */ = {isa = PBXBuildFile; fileRef = DCFCA76719BDDF4300368E41 /* MKPlayer.m */; };
/* End PBXBuildFile section */

/* Begin PBXContainerItemProxy section */
		DCE0112219AE291B00684F2B /* PBXContainerItemProxy */ = {
			isa = PBXContainerItemProxy;
			containerPortal = DCE010FE19AE291B00684F2B /* Project object */;
			proxyType = 1;
			remoteGlobalIDString = DCE0110519AE291B00684F2B;
			remoteInfo = "Tap Run";
		};
/* End PBXContainerItemProxy section */

/* Begin PBXFileReference section */
		DCE0110619AE291B00684F2B /* Tap Run.app */ = {isa = PBXFileReference; explicitFileType = wrapper.application; includeInIndex = 0; path = "Tap Run.app"; sourceTree = BUILT_PRODUCTS_DIR; };
		DCE0110A19AE291B00684F2B /* Info.plist */ = {isa = PBXFileReference; lastKnownFileType = text.plist.xml; path = Info.plist; sourceTree = "<group>"; };
		DCE0110B19AE291B00684F2B /* main.m */ = {isa = PBXFileReference; lastKnownFileType = sourcecode.c.objc; path = main.m; sourceTree = "<group>"; };
		DCE0110D19AE291B00684F2B /* AppDelegate.h */ = {isa = PBXFileReference; lastKnownFileType = sourcecode.c.h; path = AppDelegate.h; sourceTree = "<group>"; };
		DCE0110E19AE291B00684F2B /* AppDelegate.m */ = {isa = PBXFileReference; lastKnownFileType = sourcecode.c.objc; path = AppDelegate.m; sourceTree = "<group>"; };
		DCE0111019AE291B00684F2B /* GameScene.h */ = {isa = PBXFileReference; lastKnownFileType = sourcecode.c.h; path = GameScene.h; sourceTree = "<group>"; };
		DCE0111119AE291B00684F2B /* GameScene.m */ = {isa = PBXFileReference; lastKnownFileType = sourcecode.c.objc; path = GameScene.m; sourceTree = "<group>"; };
		DCE0111319AE291B00684F2B /* GameScene.sks */ = {isa = PBXFileReference; lastKnownFileType = file.sks; path = GameScene.sks; sourceTree = "<group>"; };
		DCE0111519AE291B00684F2B /* GameViewController.h */ = {isa = PBXFileReference; lastKnownFileType = sourcecode.c.h; path = GameViewController.h; sourceTree = "<group>"; };
		DCE0111619AE291B00684F2B /* GameViewController.m */ = {isa = PBXFileReference; lastKnownFileType = sourcecode.c.objc; path = GameViewController.m; sourceTree = "<group>"; };
		DCE0111919AE291B00684F2B /* Base */ = {isa = PBXFileReference; lastKnownFileType = file.storyboard; name = Base; path = Base.lproj/Main.storyboard; sourceTree = "<group>"; };
		DCE0111B19AE291B00684F2B /* Images.xcassets */ = {isa = PBXFileReference; lastKnownFileType = folder.assetcatalog; path = Images.xcassets; sourceTree = "<group>"; };
		DCE0112119AE291B00684F2B /* Tap RunTests.xctest */ = {isa = PBXFileReference; explicitFileType = wrapper.cfbundle; includeInIndex = 0; path = "Tap RunTests.xctest"; sourceTree = BUILT_PRODUCTS_DIR; };
		DCE0112619AE291B00684F2B /* Info.plist */ = {isa = PBXFileReference; lastKnownFileType = text.plist.xml; path = Info.plist; sourceTree = "<group>"; };
		DCE0112719AE291B00684F2B /* Tap_RunTests.m */ = {isa = PBXFileReference; lastKnownFileType = sourcecode.c.objc; path = Tap_RunTests.m; sourceTree = "<group>"; };
		DCFCA76019BC70DF00368E41 /* MKBlock.h */ = {isa = PBXFileReference; fileEncoding = 4; lastKnownFileType = sourcecode.c.h; path = MKBlock.h; sourceTree = "<group>"; };
		DCFCA76119BC70DF00368E41 /* MKBlock.m */ = {isa = PBXFileReference; fileEncoding = 4; lastKnownFileType = sourcecode.c.objc; path = MKBlock.m; sourceTree = "<group>"; };
		DCFCA76319BC766900368E41 /* MKPlatform.h */ = {isa = PBXFileReference; fileEncoding = 4; lastKnownFileType = sourcecode.c.h; path = MKPlatform.h; sourceTree = "<group>"; };
		DCFCA76419BC766900368E41 /* MKPlatform.m */ = {isa = PBXFileReference; fileEncoding = 4; lastKnownFileType = sourcecode.c.objc; path = MKPlatform.m; sourceTree = "<group>"; };
		DCFCA76619BDDF4300368E41 /* MKPlayer.h */ = {isa = PBXFileReference; fileEncoding = 4; lastKnownFileType = sourcecode.c.h; path = MKPlayer.h; sourceTree = "<group>"; };
		DCFCA76719BDDF4300368E41 /* MKPlayer.m */ = {isa = PBXFileReference; fileEncoding = 4; lastKnownFileType = sourcecode.c.objc; path = MKPlayer.m; sourceTree = "<group>"; };
/* End PBXFileReference section */

/* Begin PBXFrameworksBuildPhase section */
		DCE0110319AE291B00684F2B /* Frameworks */ = {
			isa = PBXFrameworksBuildPhase;
			buildActionMask = 2147483647;
			files = (
			);
			runOnlyForDeploymentPostprocessing = 0;
		};
		DCE0111E19AE291B00684F2B /* Frameworks */ = {
			isa = PBXFrameworksBuildPhase;
			buildActionMask = 2147483647;
			files = (
			);
			runOnlyForDeploymentPostprocessing = 0;
		};
/* End PBXFrameworksBuildPhase section */

/* Begin PBXGroup section */
		DCE010FD19AE291B00684F2B = {
			isa = PBXGroup;
			children = (
				DCE0110819AE291B00684F2B /* Tap Run */,
				DCE0112419AE291B00684F2B /* Tap RunTests */,
				DCE0110719AE291B00684F2B /* Products */,
			);
			sourceTree = "<group>";
		};
		DCE0110719AE291B00684F2B /* Products */ = {
			isa = PBXGroup;
			children = (
				DCE0110619AE291B00684F2B /* Tap Run.app */,
				DCE0112119AE291B00684F2B /* Tap RunTests.xctest */,
			);
			name = Products;
			sourceTree = "<group>";
		};
		DCE0110819AE291B00684F2B /* Tap Run */ = {
			isa = PBXGroup;
			children = (
				DCE0110D19AE291B00684F2B /* AppDelegate.h */,
				DCE0110E19AE291B00684F2B /* AppDelegate.m */,
				DCE0111019AE291B00684F2B /* GameScene.h */,
				DCE0111119AE291B00684F2B /* GameScene.m */,
				DCE0111319AE291B00684F2B /* GameScene.sks */,
				DCE0111519AE291B00684F2B /* GameViewController.h */,
				DCE0111619AE291B00684F2B /* GameViewController.m */,
				DCE0111819AE291B00684F2B /* Main.storyboard */,
				DCE0111B19AE291B00684F2B /* Images.xcassets */,
				DCE0110919AE291B00684F2B /* Supporting Files */,
				DCFCA76019BC70DF00368E41 /* MKBlock.h */,
				DCFCA76119BC70DF00368E41 /* MKBlock.m */,
				DCFCA76319BC766900368E41 /* MKPlatform.h */,
				DCFCA76419BC766900368E41 /* MKPlatform.m */,
				DCFCA76619BDDF4300368E41 /* MKPlayer.h */,
				DCFCA76719BDDF4300368E41 /* MKPlayer.m */,
			);
			path = "Tap Run";
			sourceTree = "<group>";
		};
		DCE0110919AE291B00684F2B /* Supporting Files */ = {
			isa = PBXGroup;
			children = (
				DCE0110A19AE291B00684F2B /* Info.plist */,
				DCE0110B19AE291B00684F2B /* main.m */,
			);
			name = "Supporting Files";
			sourceTree = "<group>";
		};
		DCE0112419AE291B00684F2B /* Tap RunTests */ = {
			isa = PBXGroup;
			children = (
				DCE0112719AE291B00684F2B /* Tap_RunTests.m */,
				DCE0112519AE291B00684F2B /* Supporting Files */,
			);
			path = "Tap RunTests";
			sourceTree = "<group>";
		};
		DCE0112519AE291B00684F2B /* Supporting Files */ = {
			isa = PBXGroup;
			children = (
				DCE0112619AE291B00684F2B /* Info.plist */,
			);
			name = "Supporting Files";
			sourceTree = "<group>";
		};
/* End PBXGroup section */

/* Begin PBXNativeTarget section */
		DCE0110519AE291B00684F2B /* Tap Run */ = {
			isa = PBXNativeTarget;
			buildConfigurationList = DCE0112B19AE291B00684F2B /* Build configuration list for PBXNativeTarget "Tap Run" */;
			buildPhases = (
				DCE0110219AE291B00684F2B /* Sources */,
				DCE0110319AE291B00684F2B /* Frameworks */,
				DCE0110419AE291B00684F2B /* Resources */,
			);
			buildRules = (
			);
			dependencies = (
			);
			name = "Tap Run";
			productName = "Tap Run";
			productReference = DCE0110619AE291B00684F2B /* Tap Run.app */;
			productType = "com.apple.product-type.application";
		};
		DCE0112019AE291B00684F2B /* Tap RunTests */ = {
			isa = PBXNativeTarget;
			buildConfigurationList = DCE0112E19AE291B00684F2B /* Build configuration list for PBXNativeTarget "Tap RunTests" */;
			buildPhases = (
				DCE0111D19AE291B00684F2B /* Sources */,
				DCE0111E19AE291B00684F2B /* Frameworks */,
				DCE0111F19AE291B00684F2B /* Resources */,
			);
			buildRules = (
			);
			dependencies = (
				DCE0112319AE291B00684F2B /* PBXTargetDependency */,
			);
			name = "Tap RunTests";
			productName = "Tap RunTests";
			productReference = DCE0112119AE291B00684F2B /* Tap RunTests.xctest */;
			productType = "com.apple.product-type.bundle.unit-test";
		};
/* End PBXNativeTarget section */

/* Begin PBXProject section */
		DCE010FE19AE291B00684F2B /* Project object */ = {
			isa = PBXProject;
			attributes = {
				LastUpgradeCheck = 0600;
				ORGANIZATIONNAME = com.minko.taprun;
				TargetAttributes = {
					DCE0110519AE291B00684F2B = {
						CreatedOnToolsVersion = 6.0;
						DevelopmentTeam = B89A67DM2W;
					};
					DCE0112019AE291B00684F2B = {
						CreatedOnToolsVersion = 6.0;
						TestTargetID = DCE0110519AE291B00684F2B;
					};
				};
			};
			buildConfigurationList = DCE0110119AE291B00684F2B /* Build configuration list for PBXProject "Tap Run" */;
			compatibilityVersion = "Xcode 3.2";
			developmentRegion = English;
			hasScannedForEncodings = 0;
			knownRegions = (
				en,
				Base,
			);
			mainGroup = DCE010FD19AE291B00684F2B;
			productRefGroup = DCE0110719AE291B00684F2B /* Products */;
			projectDirPath = "";
			projectRoot = "";
			targets = (
				DCE0110519AE291B00684F2B /* Tap Run */,
				DCE0112019AE291B00684F2B /* Tap RunTests */,
			);
		};
/* End PBXProject section */

/* Begin PBXResourcesBuildPhase section */
		DCE0110419AE291B00684F2B /* Resources */ = {
			isa = PBXResourcesBuildPhase;
			buildActionMask = 2147483647;
			files = (
				DCE0111C19AE291B00684F2B /* Images.xcassets in Resources */,
				DCE0111419AE291B00684F2B /* GameScene.sks in Resources */,
				DCE0111A19AE291B00684F2B /* Main.storyboard in Resources */,
			);
			runOnlyForDeploymentPostprocessing = 0;
		};
		DCE0111F19AE291B00684F2B /* Resources */ = {
			isa = PBXResourcesBuildPhase;
			buildActionMask = 2147483647;
			files = (
			);
			runOnlyForDeploymentPostprocessing = 0;
		};
/* End PBXResourcesBuildPhase section */

/* Begin PBXSourcesBuildPhase section */
		DCE0110219AE291B00684F2B /* Sources */ = {
			isa = PBXSourcesBuildPhase;
			buildActionMask = 2147483647;
			files = (
				DCFCA76219BC70DF00368E41 /* MKBlock.m in Sources */,
				DCE0111719AE291B00684F2B /* GameViewController.m in Sources */,
				DCFCA76519BC766900368E41 /* MKPlatform.m in Sources */,
				DCE0110F19AE291B00684F2B /* AppDelegate.m in Sources */,
				DCE0111219AE291B00684F2B /* GameScene.m in Sources */,
				DCE0110C19AE291B00684F2B /* main.m in Sources */,
				DCFCA76819BDDF4300368E41 /* MKPlayer.m in Sources */,
			);
			runOnlyForDeploymentPostprocessing = 0;
		};
		DCE0111D19AE291B00684F2B /* Sources */ = {
			isa = PBXSourcesBuildPhase;
			buildActionMask = 2147483647;
			files = (
				DCE0112819AE291B00684F2B /* Tap_RunTests.m in Sources */,
			);
			runOnlyForDeploymentPostprocessing = 0;
		};
/* End PBXSourcesBuildPhase section */

/* Begin PBXTargetDependency section */
		DCE0112319AE291B00684F2B /* PBXTargetDependency */ = {
			isa = PBXTargetDependency;
			target = DCE0110519AE291B00684F2B /* Tap Run */;
			targetProxy = DCE0112219AE291B00684F2B /* PBXContainerItemProxy */;
		};
/* End PBXTargetDependency section */

/* Begin PBXVariantGroup section */
		DCE0111819AE291B00684F2B /* Main.storyboard */ = {
			isa = PBXVariantGroup;
			children = (
				DCE0111919AE291B00684F2B /* Base */,
			);
			name = Main.storyboard;
			sourceTree = "<group>";
		};
/* End PBXVariantGroup section */

/* Begin XCBuildConfiguration section */
		DCE0112919AE291B00684F2B /* Debug */ = {
			isa = XCBuildConfiguration;
			buildSettings = {
				ALWAYS_SEARCH_USER_PATHS = NO;
				CLANG_CXX_LANGUAGE_STANDARD = "gnu++0x";
				CLANG_CXX_LIBRARY = "libc++";
				CLANG_ENABLE_MODULES = YES;
				CLANG_ENABLE_OBJC_ARC = YES;
				CLANG_WARN_BOOL_CONVERSION = YES;
				CLANG_WARN_CONSTANT_CONVERSION = YES;
				CLANG_WARN_DIRECT_OBJC_ISA_USAGE = YES_ERROR;
				CLANG_WARN_EMPTY_BODY = YES;
				CLANG_WARN_ENUM_CONVERSION = YES;
				CLANG_WARN_INT_CONVERSION = YES;
				CLANG_WARN_OBJC_ROOT_CLASS = YES_ERROR;
				CLANG_WARN_UNREACHABLE_CODE = YES;
				CLANG_WARN__DUPLICATE_METHOD_MATCH = YES;
				"CODE_SIGN_IDENTITY[sdk=iphoneos*]" = "iPhone Developer";
				COPY_PHASE_STRIP = NO;
				ENABLE_STRICT_OBJC_MSGSEND = YES;
				GCC_C_LANGUAGE_STANDARD = gnu99;
				GCC_DYNAMIC_NO_PIC = NO;
				GCC_OPTIMIZATION_LEVEL = 0;
				GCC_PREPROCESSOR_DEFINITIONS = (
					"DEBUG=1",
					"$(inherited)",
				);
				GCC_SYMBOLS_PRIVATE_EXTERN = NO;
				GCC_WARN_64_TO_32_BIT_CONVERSION = YES;
				GCC_WARN_ABOUT_RETURN_TYPE = YES_ERROR;
				GCC_WARN_UNDECLARED_SELECTOR = YES;
				GCC_WARN_UNINITIALIZED_AUTOS = YES_AGGRESSIVE;
				GCC_WARN_UNUSED_FUNCTION = YES;
				GCC_WARN_UNUSED_VARIABLE = YES;
				IPHONEOS_DEPLOYMENT_TARGET = 8.0;
				MTL_ENABLE_DEBUG_INFO = YES;
				ONLY_ACTIVE_ARCH = YES;
				SDKROOT = iphoneos;
			};
			name = Debug;
		};
		DCE0112A19AE291B00684F2B /* Release */ = {
			isa = XCBuildConfiguration;
			buildSettings = {
				ALWAYS_SEARCH_USER_PATHS = NO;
				CLANG_CXX_LANGUAGE_STANDARD = "gnu++0x";
				CLANG_CXX_LIBRARY = "libc++";
				CLANG_ENABLE_MODULES = YES;
				CLANG_ENABLE_OBJC_ARC = YES;
				CLANG_WARN_BOOL_CONVERSION = YES;
				CLANG_WARN_CONSTANT_CONVERSION = YES;
				CLANG_WARN_DIRECT_OBJC_ISA_USAGE = YES_ERROR;
				CLANG_WARN_EMPTY_BODY = YES;
				CLANG_WARN_ENUM_CONVERSION = YES;
				CLANG_WARN_INT_CONVERSION = YES;
				CLANG_WARN_OBJC_ROOT_CLASS = YES_ERROR;
				CLANG_WARN_UNREACHABLE_CODE = YES;
				CLANG_WARN__DUPLICATE_METHOD_MATCH = YES;
				"CODE_SIGN_IDENTITY[sdk=iphoneos*]" = "iPhone Developer";
				COPY_PHASE_STRIP = YES;
				ENABLE_NS_ASSERTIONS = NO;
				ENABLE_STRICT_OBJC_MSGSEND = YES;
				GCC_C_LANGUAGE_STANDARD = gnu99;
				GCC_WARN_64_TO_32_BIT_CONVERSION = YES;
				GCC_WARN_ABOUT_RETURN_TYPE = YES_ERROR;
				GCC_WARN_UNDECLARED_SELECTOR = YES;
				GCC_WARN_UNINITIALIZED_AUTOS = YES_AGGRESSIVE;
				GCC_WARN_UNUSED_FUNCTION = YES;
				GCC_WARN_UNUSED_VARIABLE = YES;
				IPHONEOS_DEPLOYMENT_TARGET = 8.0;
				MTL_ENABLE_DEBUG_INFO = NO;
				SDKROOT = iphoneos;
				VALIDATE_PRODUCT = YES;
			};
			name = Release;
		};
		DCE0112C19AE291B00684F2B /* Debug */ = {
			isa = XCBuildConfiguration;
			buildSettings = {
				ASSETCATALOG_COMPILER_APPICON_NAME = AppIcon;
				ASSETCATALOG_COMPILER_LAUNCHIMAGE_NAME = LaunchImage;
				CODE_SIGN_IDENTITY = "iPhone Developer";
				INFOPLIST_FILE = "Tap Run/Info.plist";
				IPHONEOS_DEPLOYMENT_TARGET = 8.0;
				LD_RUNPATH_SEARCH_PATHS = "$(inherited) @executable_path/Frameworks";
				PRODUCT_NAME = "$(TARGET_NAME)";
			};
			name = Debug;
		};
		DCE0112D19AE291B00684F2B /* Release */ = {
			isa = XCBuildConfiguration;
			buildSettings = {
				ASSETCATALOG_COMPILER_APPICON_NAME = AppIcon;
				ASSETCATALOG_COMPILER_LAUNCHIMAGE_NAME = LaunchImage;
				CODE_SIGN_IDENTITY = "iPhone Developer";
				INFOPLIST_FILE = "Tap Run/Info.plist";
				IPHONEOS_DEPLOYMENT_TARGET = 8.0;
				LD_RUNPATH_SEARCH_PATHS = "$(inherited) @executable_path/Frameworks";
				PRODUCT_NAME = "$(TARGET_NAME)";
			};
			name = Release;
		};
		DCE0112F19AE291B00684F2B /* Debug */ = {
			isa = XCBuildConfiguration;
			buildSettings = {
				BUNDLE_LOADER = "$(TEST_HOST)";
				FRAMEWORK_SEARCH_PATHS = (
					"$(SDKROOT)/Developer/Library/Frameworks",
					"$(inherited)",
				);
				GCC_PREPROCESSOR_DEFINITIONS = (
					"DEBUG=1",
					"$(inherited)",
				);
				INFOPLIST_FILE = "Tap RunTests/Info.plist";
				LD_RUNPATH_SEARCH_PATHS = "$(inherited) @executable_path/Frameworks @loader_path/Frameworks";
				PRODUCT_NAME = "$(TARGET_NAME)";
				TEST_HOST = "$(BUILT_PRODUCTS_DIR)/Tap Run.app/Tap Run";
			};
			name = Debug;
		};
		DCE0113019AE291B00684F2B /* Release */ = {
			isa = XCBuildConfiguration;
			buildSettings = {
				BUNDLE_LOADER = "$(TEST_HOST)";
				FRAMEWORK_SEARCH_PATHS = (
					"$(SDKROOT)/Developer/Library/Frameworks",
					"$(inherited)",
				);
				INFOPLIST_FILE = "Tap RunTests/Info.plist";
				LD_RUNPATH_SEARCH_PATHS = "$(inherited) @executable_path/Frameworks @loader_path/Frameworks";
				PRODUCT_NAME = "$(TARGET_NAME)";
				TEST_HOST = "$(BUILT_PRODUCTS_DIR)/Tap Run.app/Tap Run";
			};
			name = Release;
		};
/* End XCBuildConfiguration section */

/* Begin XCConfigurationList section */
		DCE0110119AE291B00684F2B /* Build configuration list for PBXProject "Tap Run" */ = {
			isa = XCConfigurationList;
			buildConfigurations = (
				DCE0112919AE291B00684F2B /* Debug */,
				DCE0112A19AE291B00684F2B /* Release */,
			);
			defaultConfigurationIsVisible = 0;
			defaultConfigurationName = Release;
		};
		DCE0112B19AE291B00684F2B /* Build configuration list for PBXNativeTarget "Tap Run" */ = {
			isa = XCConfigurationList;
			buildConfigurations = (
				DCE0112C19AE291B00684F2B /* Debug */,
				DCE0112D19AE291B00684F2B /* Release */,
			);
			defaultConfigurationIsVisible = 0;
			defaultConfigurationName = Release;
		};
		DCE0112E19AE291B00684F2B /* Build configuration list for PBXNativeTarget "Tap RunTests" */ = {
			isa = XCConfigurationList;
			buildConfigurations = (
				DCE0112F19AE291B00684F2B /* Debug */,
				DCE0113019AE291B00684F2B /* Release */,
			);
			defaultConfigurationIsVisible = 0;
			defaultConfigurationName = Release;
		};
/* End XCConfigurationList section */
	};
	rootObject = DCE010FE19AE291B00684F2B /* Project object */;
}
